// !$*UTF8*$!
{
	archiveVersion = 1;
	classes = {
	};
	objectVersion = 46;
	objects = {

/* Begin PBXBuildFile section */
		4512CE661C843A5100D61017 /* AppDelegate.swift in Sources */ = {isa = PBXBuildFile; fileRef = 4512CE651C843A5100D61017 /* AppDelegate.swift */; };
		45405E8A1C84DFD30016BCC1 /* DailyStatsViewController.swift in Sources */ = {isa = PBXBuildFile; fileRef = 45405E891C84DFD30016BCC1 /* DailyStatsViewController.swift */; };
		45CAF7D01C7D2313000EBCA4 /* ViewController.swift in Sources */ = {isa = PBXBuildFile; fileRef = 45CAF7CF1C7D2313000EBCA4 /* ViewController.swift */; };
		45CAF7D31C7D2313000EBCA4 /* Main.storyboard in Resources */ = {isa = PBXBuildFile; fileRef = 45CAF7D11C7D2313000EBCA4 /* Main.storyboard */; };
		45CAF7D51C7D2313000EBCA4 /* Assets.xcassets in Resources */ = {isa = PBXBuildFile; fileRef = 45CAF7D41C7D2313000EBCA4 /* Assets.xcassets */; };
		45CAF7D81C7D2313000EBCA4 /* LaunchScreen.storyboard in Resources */ = {isa = PBXBuildFile; fileRef = 45CAF7D61C7D2313000EBCA4 /* LaunchScreen.storyboard */; };
		45CAF7E31C7D2313000EBCA4 /* ToDoListTests.swift in Sources */ = {isa = PBXBuildFile; fileRef = 45CAF7E21C7D2313000EBCA4 /* ToDoListTests.swift */; };
		45CAF7EE1C7D2313000EBCA4 /* ToDoListUITests.swift in Sources */ = {isa = PBXBuildFile; fileRef = 45CAF7ED1C7D2313000EBCA4 /* ToDoListUITests.swift */; };
		45CAF7FC1C7D274C000EBCA4 /* ToDoListTableViewController.swift in Sources */ = {isa = PBXBuildFile; fileRef = 45CAF7FB1C7D274C000EBCA4 /* ToDoListTableViewController.swift */; };
		45E6172D1C7D6B4200F9D966 /* ToDoItem.swift in Sources */ = {isa = PBXBuildFile; fileRef = 45E6172C1C7D6B4200F9D966 /* ToDoItem.swift */; };
/* End PBXBuildFile section */

/* Begin PBXContainerItemProxy section */
		45CAF7DF1C7D2313000EBCA4 /* PBXContainerItemProxy */ = {
			isa = PBXContainerItemProxy;
			containerPortal = 45CAF7C21C7D2313000EBCA4 /* Project object */;
			proxyType = 1;
			remoteGlobalIDString = 45CAF7C91C7D2313000EBCA4;
			remoteInfo = ToDoList;
		};
		45CAF7EA1C7D2313000EBCA4 /* PBXContainerItemProxy */ = {
			isa = PBXContainerItemProxy;
			containerPortal = 45CAF7C21C7D2313000EBCA4 /* Project object */;
			proxyType = 1;
			remoteGlobalIDString = 45CAF7C91C7D2313000EBCA4;
			remoteInfo = ToDoList;
		};
/* End PBXContainerItemProxy section */

/* Begin PBXFileReference section */
		4512CE651C843A5100D61017 /* AppDelegate.swift */ = {isa = PBXFileReference; fileEncoding = 4; lastKnownFileType = sourcecode.swift; name = AppDelegate.swift; path = ../../../../.Trash/AppDelegate.swift; sourceTree = "<group>"; };
		45405E891C84DFD30016BCC1 /* DailyStatsViewController.swift */ = {isa = PBXFileReference; fileEncoding = 4; lastKnownFileType = sourcecode.swift; path = DailyStatsViewController.swift; sourceTree = "<group>"; };
		45CAF7CA1C7D2313000EBCA4 /* ToDoList.app */ = {isa = PBXFileReference; explicitFileType = wrapper.application; includeInIndex = 0; path = ToDoList.app; sourceTree = BUILT_PRODUCTS_DIR; };
		45CAF7CF1C7D2313000EBCA4 /* ViewController.swift */ = {isa = PBXFileReference; lastKnownFileType = sourcecode.swift; path = ViewController.swift; sourceTree = "<group>"; };
		45CAF7D21C7D2313000EBCA4 /* Base */ = {isa = PBXFileReference; lastKnownFileType = file.storyboard; name = Base; path = Base.lproj/Main.storyboard; sourceTree = "<group>"; };
		45CAF7D41C7D2313000EBCA4 /* Assets.xcassets */ = {isa = PBXFileReference; lastKnownFileType = folder.assetcatalog; path = Assets.xcassets; sourceTree = "<group>"; };
		45CAF7D71C7D2313000EBCA4 /* Base */ = {isa = PBXFileReference; lastKnownFileType = file.storyboard; name = Base; path = Base.lproj/LaunchScreen.storyboard; sourceTree = "<group>"; };
		45CAF7D91C7D2313000EBCA4 /* Info.plist */ = {isa = PBXFileReference; lastKnownFileType = text.plist.xml; path = Info.plist; sourceTree = "<group>"; };
		45CAF7DE1C7D2313000EBCA4 /* ToDoListTests.xctest */ = {isa = PBXFileReference; explicitFileType = wrapper.cfbundle; includeInIndex = 0; path = ToDoListTests.xctest; sourceTree = BUILT_PRODUCTS_DIR; };
		45CAF7E21C7D2313000EBCA4 /* ToDoListTests.swift */ = {isa = PBXFileReference; lastKnownFileType = sourcecode.swift; path = ToDoListTests.swift; sourceTree = "<group>"; };
		45CAF7E41C7D2313000EBCA4 /* Info.plist */ = {isa = PBXFileReference; lastKnownFileType = text.plist.xml; path = Info.plist; sourceTree = "<group>"; };
		45CAF7E91C7D2313000EBCA4 /* ToDoListUITests.xctest */ = {isa = PBXFileReference; explicitFileType = wrapper.cfbundle; includeInIndex = 0; path = ToDoListUITests.xctest; sourceTree = BUILT_PRODUCTS_DIR; };
		45CAF7ED1C7D2313000EBCA4 /* ToDoListUITests.swift */ = {isa = PBXFileReference; lastKnownFileType = sourcecode.swift; path = ToDoListUITests.swift; sourceTree = "<group>"; };
		45CAF7EF1C7D2313000EBCA4 /* Info.plist */ = {isa = PBXFileReference; lastKnownFileType = text.plist.xml; path = Info.plist; sourceTree = "<group>"; };
		45CAF7FB1C7D274C000EBCA4 /* ToDoListTableViewController.swift */ = {isa = PBXFileReference; fileEncoding = 4; lastKnownFileType = sourcecode.swift; path = ToDoListTableViewController.swift; sourceTree = "<group>"; };
		45E6172C1C7D6B4200F9D966 /* ToDoItem.swift */ = {isa = PBXFileReference; fileEncoding = 4; lastKnownFileType = sourcecode.swift; path = ToDoItem.swift; sourceTree = "<group>"; };
/* End PBXFileReference section */

/* Begin PBXFrameworksBuildPhase section */
		45CAF7C71C7D2313000EBCA4 /* Frameworks */ = {
			isa = PBXFrameworksBuildPhase;
			buildActionMask = 2147483647;
			files = (
			);
			runOnlyForDeploymentPostprocessing = 0;
		};
		45CAF7DB1C7D2313000EBCA4 /* Frameworks */ = {
			isa = PBXFrameworksBuildPhase;
			buildActionMask = 2147483647;
			files = (
			);
			runOnlyForDeploymentPostprocessing = 0;
		};
		45CAF7E61C7D2313000EBCA4 /* Frameworks */ = {
			isa = PBXFrameworksBuildPhase;
			buildActionMask = 2147483647;
			files = (
			);
			runOnlyForDeploymentPostprocessing = 0;
		};
/* End PBXFrameworksBuildPhase section */

/* Begin PBXGroup section */
		45CAF7C11C7D2313000EBCA4 = {
			isa = PBXGroup;
			children = (
				45CAF7CC1C7D2313000EBCA4 /* ToDoList */,
				45CAF7E11C7D2313000EBCA4 /* ToDoListTests */,
				45CAF7EC1C7D2313000EBCA4 /* ToDoListUITests */,
				45CAF7CB1C7D2313000EBCA4 /* Products */,
			);
			sourceTree = "<group>";
		};
		45CAF7CB1C7D2313000EBCA4 /* Products */ = {
			isa = PBXGroup;
			children = (
				45CAF7CA1C7D2313000EBCA4 /* ToDoList.app */,
				45CAF7DE1C7D2313000EBCA4 /* ToDoListTests.xctest */,
				45CAF7E91C7D2313000EBCA4 /* ToDoListUITests.xctest */,
			);
			name = Products;
			sourceTree = "<group>";
		};
		45CAF7CC1C7D2313000EBCA4 /* ToDoList */ = {
			isa = PBXGroup;
			children = (
				4512CE651C843A5100D61017 /* AppDelegate.swift */,
				45CAF7CF1C7D2313000EBCA4 /* ViewController.swift */,
				45405E891C84DFD30016BCC1 /* DailyStatsViewController.swift */,
				45CAF7D11C7D2313000EBCA4 /* Main.storyboard */,
				45CAF7FB1C7D274C000EBCA4 /* ToDoListTableViewController.swift */,
				45E6172C1C7D6B4200F9D966 /* ToDoItem.swift */,
				45CAF7D41C7D2313000EBCA4 /* Assets.xcassets */,
				45CAF7D61C7D2313000EBCA4 /* LaunchScreen.storyboard */,
				45CAF7D91C7D2313000EBCA4 /* Info.plist */,
			);
			path = ToDoList;
			sourceTree = "<group>";
		};
		45CAF7E11C7D2313000EBCA4 /* ToDoListTests */ = {
			isa = PBXGroup;
			children = (
				45CAF7E21C7D2313000EBCA4 /* ToDoListTests.swift */,
				45CAF7E41C7D2313000EBCA4 /* Info.plist */,
			);
			path = ToDoListTests;
			sourceTree = "<group>";
		};
		45CAF7EC1C7D2313000EBCA4 /* ToDoListUITests */ = {
			isa = PBXGroup;
			children = (
				45CAF7ED1C7D2313000EBCA4 /* ToDoListUITests.swift */,
				45CAF7EF1C7D2313000EBCA4 /* Info.plist */,
			);
			path = ToDoListUITests;
			sourceTree = "<group>";
		};
/* End PBXGroup section */

/* Begin PBXNativeTarget section */
		45CAF7C91C7D2313000EBCA4 /* ToDoList */ = {
			isa = PBXNativeTarget;
			buildConfigurationList = 45CAF7F21C7D2313000EBCA4 /* Build configuration list for PBXNativeTarget "ToDoList" */;
			buildPhases = (
				45CAF7C61C7D2313000EBCA4 /* Sources */,
				45CAF7C71C7D2313000EBCA4 /* Frameworks */,
				45CAF7C81C7D2313000EBCA4 /* Resources */,
			);
			buildRules = (
			);
			dependencies = (
			);
			name = ToDoList;
			productName = ToDoList;
			productReference = 45CAF7CA1C7D2313000EBCA4 /* ToDoList.app */;
			productType = "com.apple.product-type.application";
		};
		45CAF7DD1C7D2313000EBCA4 /* ToDoListTests */ = {
			isa = PBXNativeTarget;
			buildConfigurationList = 45CAF7F51C7D2313000EBCA4 /* Build configuration list for PBXNativeTarget "ToDoListTests" */;
			buildPhases = (
				45CAF7DA1C7D2313000EBCA4 /* Sources */,
				45CAF7DB1C7D2313000EBCA4 /* Frameworks */,
				45CAF7DC1C7D2313000EBCA4 /* Resources */,
			);
			buildRules = (
			);
			dependencies = (
				45CAF7E01C7D2313000EBCA4 /* PBXTargetDependency */,
			);
			name = ToDoListTests;
			productName = ToDoListTests;
			productReference = 45CAF7DE1C7D2313000EBCA4 /* ToDoListTests.xctest */;
			productType = "com.apple.product-type.bundle.unit-test";
		};
		45CAF7E81C7D2313000EBCA4 /* ToDoListUITests */ = {
			isa = PBXNativeTarget;
			buildConfigurationList = 45CAF7F81C7D2313000EBCA4 /* Build configuration list for PBXNativeTarget "ToDoListUITests" */;
			buildPhases = (
				45CAF7E51C7D2313000EBCA4 /* Sources */,
				45CAF7E61C7D2313000EBCA4 /* Frameworks */,
				45CAF7E71C7D2313000EBCA4 /* Resources */,
			);
			buildRules = (
			);
			dependencies = (
				45CAF7EB1C7D2313000EBCA4 /* PBXTargetDependency */,
			);
			name = ToDoListUITests;
			productName = ToDoListUITests;
			productReference = 45CAF7E91C7D2313000EBCA4 /* ToDoListUITests.xctest */;
			productType = "com.apple.product-type.bundle.ui-testing";
		};
/* End PBXNativeTarget section */

/* Begin PBXProject section */
		45CAF7C21C7D2313000EBCA4 /* Project object */ = {
			isa = PBXProject;
			attributes = {
				LastSwiftUpdateCheck = 0720;
				LastUpgradeCheck = 0720;
				ORGANIZATIONNAME = "Christine Chen";
				TargetAttributes = {
					45CAF7C91C7D2313000EBCA4 = {
						CreatedOnToolsVersion = 7.2.1;
					};
					45CAF7DD1C7D2313000EBCA4 = {
						CreatedOnToolsVersion = 7.2.1;
						TestTargetID = 45CAF7C91C7D2313000EBCA4;
					};
					45CAF7E81C7D2313000EBCA4 = {
						CreatedOnToolsVersion = 7.2.1;
						TestTargetID = 45CAF7C91C7D2313000EBCA4;
					};
				};
			};
			buildConfigurationList = 45CAF7C51C7D2313000EBCA4 /* Build configuration list for PBXProject "ToDoList" */;
			compatibilityVersion = "Xcode 3.2";
			developmentRegion = English;
			hasScannedForEncodings = 0;
			knownRegions = (
				en,
				Base,
			);
			mainGroup = 45CAF7C11C7D2313000EBCA4;
			productRefGroup = 45CAF7CB1C7D2313000EBCA4 /* Products */;
			projectDirPath = "";
			projectRoot = "";
			targets = (
				45CAF7C91C7D2313000EBCA4 /* ToDoList */,
				45CAF7DD1C7D2313000EBCA4 /* ToDoListTests */,
				45CAF7E81C7D2313000EBCA4 /* ToDoListUITests */,
			);
		};
/* End PBXProject section */

/* Begin PBXResourcesBuildPhase section */
		45CAF7C81C7D2313000EBCA4 /* Resources */ = {
			isa = PBXResourcesBuildPhase;
			buildActionMask = 2147483647;
			files = (
				45CAF7D81C7D2313000EBCA4 /* LaunchScreen.storyboard in Resources */,
				45CAF7D51C7D2313000EBCA4 /* Assets.xcassets in Resources */,
				45CAF7D31C7D2313000EBCA4 /* Main.storyboard in Resources */,
			);
			runOnlyForDeploymentPostprocessing = 0;
		};
		45CAF7DC1C7D2313000EBCA4 /* Resources */ = {
			isa = PBXResourcesBuildPhase;
			buildActionMask = 2147483647;
			files = (
			);
			runOnlyForDeploymentPostprocessing = 0;
		};
		45CAF7E71C7D2313000EBCA4 /* Resources */ = {
			isa = PBXResourcesBuildPhase;
			buildActionMask = 2147483647;
			files = (
			);
			runOnlyForDeploymentPostprocessing = 0;
		};
/* End PBXResourcesBuildPhase section */

/* Begin PBXSourcesBuildPhase section */
		45CAF7C61C7D2313000EBCA4 /* Sources */ = {
			isa = PBXSourcesBuildPhase;
			buildActionMask = 2147483647;
			files = (
				4512CE661C843A5100D61017 /* AppDelegate.swift in Sources */,
				45CAF7D01C7D2313000EBCA4 /* ViewController.swift in Sources */,
				45E6172D1C7D6B4200F9D966 /* ToDoItem.swift in Sources */,
				45CAF7FC1C7D274C000EBCA4 /* ToDoListTableViewController.swift in Sources */,
				45405E8A1C84DFD30016BCC1 /* DailyStatsViewController.swift in Sources */,
			);
			runOnlyForDeploymentPostprocessing = 0;
		};
		45CAF7DA1C7D2313000EBCA4 /* Sources */ = {
			isa = PBXSourcesBuildPhase;
			buildActionMask = 2147483647;
			files = (
				45CAF7E31C7D2313000EBCA4 /* ToDoListTests.swift in Sources */,
			);
			runOnlyForDeploymentPostprocessing = 0;
		};
		45CAF7E51C7D2313000EBCA4 /* Sources */ = {
			isa = PBXSourcesBuildPhase;
			buildActionMask = 2147483647;
			files = (
				45CAF7EE1C7D2313000EBCA4 /* ToDoListUITests.swift in Sources */,
			);
			runOnlyForDeploymentPostprocessing = 0;
		};
/* End PBXSourcesBuildPhase section */

/* Begin PBXTargetDependency section */
		45CAF7E01C7D2313000EBCA4 /* PBXTargetDependency */ = {
			isa = PBXTargetDependency;
			target = 45CAF7C91C7D2313000EBCA4 /* ToDoList */;
			targetProxy = 45CAF7DF1C7D2313000EBCA4 /* PBXContainerItemProxy */;
		};
		45CAF7EB1C7D2313000EBCA4 /* PBXTargetDependency */ = {
			isa = PBXTargetDependency;
			target = 45CAF7C91C7D2313000EBCA4 /* ToDoList */;
			targetProxy = 45CAF7EA1C7D2313000EBCA4 /* PBXContainerItemProxy */;
		};
/* End PBXTargetDependency section */

/* Begin PBXVariantGroup section */
		45CAF7D11C7D2313000EBCA4 /* Main.storyboard */ = {
			isa = PBXVariantGroup;
			children = (
				45CAF7D21C7D2313000EBCA4 /* Base */,
			);
			name = Main.storyboard;
			sourceTree = "<group>";
		};
		45CAF7D61C7D2313000EBCA4 /* LaunchScreen.storyboard */ = {
			isa = PBXVariantGroup;
			children = (
				45CAF7D71C7D2313000EBCA4 /* Base */,
			);
			name = LaunchScreen.storyboard;
			sourceTree = "<group>";
		};
/* End PBXVariantGroup section */

/* Begin XCBuildConfiguration section */
		45CAF7F01C7D2313000EBCA4 /* Debug */ = {
			isa = XCBuildConfiguration;
			buildSettings = {
				ALWAYS_SEARCH_USER_PATHS = NO;
				CLANG_CXX_LANGUAGE_STANDARD = "gnu++0x";
				CLANG_CXX_LIBRARY = "libc++";
				CLANG_ENABLE_MODULES = YES;
				CLANG_ENABLE_OBJC_ARC = YES;
				CLANG_WARN_BOOL_CONVERSION = YES;
				CLANG_WARN_CONSTANT_CONVERSION = YES;
				CLANG_WARN_DIRECT_OBJC_ISA_USAGE = YES_ERROR;
				CLANG_WARN_EMPTY_BODY = YES;
				CLANG_WARN_ENUM_CONVERSION = YES;
				CLANG_WARN_INT_CONVERSION = YES;
				CLANG_WARN_OBJC_ROOT_CLASS = YES_ERROR;
				CLANG_WARN_UNREACHABLE_CODE = YES;
				CLANG_WARN__DUPLICATE_METHOD_MATCH = YES;
				"CODE_SIGN_IDENTITY[sdk=iphoneos*]" = "iPhone Developer";
				COPY_PHASE_STRIP = NO;
				DEBUG_INFORMATION_FORMAT = dwarf;
				ENABLE_STRICT_OBJC_MSGSEND = YES;
				ENABLE_TESTABILITY = YES;
				GCC_C_LANGUAGE_STANDARD = gnu99;
				GCC_DYNAMIC_NO_PIC = NO;
				GCC_NO_COMMON_BLOCKS = YES;
				GCC_OPTIMIZATION_LEVEL = 0;
				GCC_PREPROCESSOR_DEFINITIONS = (
					"DEBUG=1",
					"$(inherited)",
				);
				GCC_WARN_64_TO_32_BIT_CONVERSION = YES;
				GCC_WARN_ABOUT_RETURN_TYPE = YES_ERROR;
				GCC_WARN_UNDECLARED_SELECTOR = YES;
				GCC_WARN_UNINITIALIZED_AUTOS = YES_AGGRESSIVE;
				GCC_WARN_UNUSED_FUNCTION = YES;
				GCC_WARN_UNUSED_VARIABLE = YES;
				IPHONEOS_DEPLOYMENT_TARGET = 9.2;
				MTL_ENABLE_DEBUG_INFO = YES;
				ONLY_ACTIVE_ARCH = YES;
				SDKROOT = iphoneos;
				SWIFT_OPTIMIZATION_LEVEL = "-Onone";
			};
			name = Debug;
		};
		45CAF7F11C7D2313000EBCA4 /* Release */ = {
			isa = XCBuildConfiguration;
			buildSettings = {
				ALWAYS_SEARCH_USER_PATHS = NO;
				CLANG_CXX_LANGUAGE_STANDARD = "gnu++0x";
				CLANG_CXX_LIBRARY = "libc++";
				CLANG_ENABLE_MODULES = YES;
				CLANG_ENABLE_OBJC_ARC = YES;
				CLANG_WARN_BOOL_CONVERSION = YES;
				CLANG_WARN_CONSTANT_CONVERSION = YES;
				CLANG_WARN_DIRECT_OBJC_ISA_USAGE = YES_ERROR;
				CLANG_WARN_EMPTY_BODY = YES;
				CLANG_WARN_ENUM_CONVERSION = YES;
				CLANG_WARN_INT_CONVERSION = YES;
				CLANG_WARN_OBJC_ROOT_CLASS = YES_ERROR;
				CLANG_WARN_UNREACHABLE_CODE = YES;
				CLANG_WARN__DUPLICATE_METHOD_MATCH = YES;
				"CODE_SIGN_IDENTITY[sdk=iphoneos*]" = "iPhone Developer";
				COPY_PHASE_STRIP = NO;
				DEBUG_INFORMATION_FORMAT = "dwarf-with-dsym";
				ENABLE_NS_ASSERTIONS = NO;
				ENABLE_STRICT_OBJC_MSGSEND = YES;
				GCC_C_LANGUAGE_STANDARD = gnu99;
				GCC_NO_COMMON_BLOCKS = YES;
				GCC_WARN_64_TO_32_BIT_CONVERSION = YES;
				GCC_WARN_ABOUT_RETURN_TYPE = YES_ERROR;
				GCC_WARN_UNDECLARED_SELECTOR = YES;
				GCC_WARN_UNINITIALIZED_AUTOS = YES_AGGRESSIVE;
				GCC_WARN_UNUSED_FUNCTION = YES;
				GCC_WARN_UNUSED_VARIABLE = YES;
				IPHONEOS_DEPLOYMENT_TARGET = 9.2;
				MTL_ENABLE_DEBUG_INFO = NO;
				SDKROOT = iphoneos;
				VALIDATE_PRODUCT = YES;
			};
			name = Release;
		};
		45CAF7F31C7D2313000EBCA4 /* Debug */ = {
			isa = XCBuildConfiguration;
			buildSettings = {
				ASSETCATALOG_COMPILER_APPICON_NAME = AppIcon;
				INFOPLIST_FILE = ToDoList/Info.plist;
				LD_RUNPATH_SEARCH_PATHS = "$(inherited) @executable_path/Frameworks";
				PRODUCT_BUNDLE_IDENTIFIER = "ios-decal.ToDoList";
				PRODUCT_NAME = "$(TARGET_NAME)";
				TARGETED_DEVICE_FAMILY = "1,2";
			};
			name = Debug;
		};
		45CAF7F41C7D2313000EBCA4 /* Release */ = {
			isa = XCBuildConfiguration;
			buildSettings = {
				ASSETCATALOG_COMPILER_APPICON_NAME = AppIcon;
				INFOPLIST_FILE = ToDoList/Info.plist;
				LD_RUNPATH_SEARCH_PATHS = "$(inherited) @executable_path/Frameworks";
				PRODUCT_BUNDLE_IDENTIFIER = "ios-decal.ToDoList";
				PRODUCT_NAME = "$(TARGET_NAME)";
				TARGETED_DEVICE_FAMILY = "1,2";
			};
			name = Release;
		};
		45CAF7F61C7D2313000EBCA4 /* Debug */ = {
			isa = XCBuildConfiguration;
			buildSettings = {
				BUNDLE_LOADER = "$(TEST_HOST)";
				INFOPLIST_FILE = ToDoListTests/Info.plist;
				LD_RUNPATH_SEARCH_PATHS = "$(inherited) @executable_path/Frameworks @loader_path/Frameworks";
				PRODUCT_BUNDLE_IDENTIFIER = "ios-decal.ToDoListTests";
				PRODUCT_NAME = "$(TARGET_NAME)";
				TEST_HOST = "$(BUILT_PRODUCTS_DIR)/ToDoList.app/ToDoList";
			};
			name = Debug;
		};
		45CAF7F71C7D2313000EBCA4 /* Release */ = {
			isa = XCBuildConfiguration;
			buildSettings = {
				BUNDLE_LOADER = "$(TEST_HOST)";
				INFOPLIST_FILE = ToDoListTests/Info.plist;
				LD_RUNPATH_SEARCH_PATHS = "$(inherited) @executable_path/Frameworks @loader_path/Frameworks";
				PRODUCT_BUNDLE_IDENTIFIER = "ios-decal.ToDoListTests";
				PRODUCT_NAME = "$(TARGET_NAME)";
				TEST_HOST = "$(BUILT_PRODUCTS_DIR)/ToDoList.app/ToDoList";
			};
			name = Release;
		};
		45CAF7F91C7D2313000EBCA4 /* Debug */ = {
			isa = XCBuildConfiguration;
			buildSettings = {
				INFOPLIST_FILE = ToDoListUITests/Info.plist;
				LD_RUNPATH_SEARCH_PATHS = "$(inherited) @executable_path/Frameworks @loader_path/Frameworks";
				PRODUCT_BUNDLE_IDENTIFIER = "ios-decal.ToDoListUITests";
				PRODUCT_NAME = "$(TARGET_NAME)";
				TEST_TARGET_NAME = ToDoList;
				USES_XCTRUNNER = YES;
			};
			name = Debug;
		};
		45CAF7FA1C7D2313000EBCA4 /* Release */ = {
			isa = XCBuildConfiguration;
			buildSettings = {
				INFOPLIST_FILE = ToDoListUITests/Info.plist;
				LD_RUNPATH_SEARCH_PATHS = "$(inherited) @executable_path/Frameworks @loader_path/Frameworks";
				PRODUCT_BUNDLE_IDENTIFIER = "ios-decal.ToDoListUITests";
				PRODUCT_NAME = "$(TARGET_NAME)";
				TEST_TARGET_NAME = ToDoList;
				USES_XCTRUNNER = YES;
			};
			name = Release;
		};
/* End XCBuildConfiguration section */

/* Begin XCConfigurationList section */
		45CAF7C51C7D2313000EBCA4 /* Build configuration list for PBXProject "ToDoList" */ = {
			isa = XCConfigurationList;
			buildConfigurations = (
				45CAF7F01C7D2313000EBCA4 /* Debug */,
				45CAF7F11C7D2313000EBCA4 /* Release */,
			);
			defaultConfigurationIsVisible = 0;
			defaultConfigurationName = Release;
		};
		45CAF7F21C7D2313000EBCA4 /* Build configuration list for PBXNativeTarget "ToDoList" */ = {
			isa = XCConfigurationList;
			buildConfigurations = (
				45CAF7F31C7D2313000EBCA4 /* Debug */,
				45CAF7F41C7D2313000EBCA4 /* Release */,
			);
			defaultConfigurationIsVisible = 0;
			defaultConfigurationName = Release;
		};
		45CAF7F51C7D2313000EBCA4 /* Build configuration list for PBXNativeTarget "ToDoListTests" */ = {
			isa = XCConfigurationList;
			buildConfigurations = (
				45CAF7F61C7D2313000EBCA4 /* Debug */,
				45CAF7F71C7D2313000EBCA4 /* Release */,
			);
			defaultConfigurationIsVisible = 0;
			defaultConfigurationName = Release;
		};
		45CAF7F81C7D2313000EBCA4 /* Build configuration list for PBXNativeTarget "ToDoListUITests" */ = {
			isa = XCConfigurationList;
			buildConfigurations = (
				45CAF7F91C7D2313000EBCA4 /* Debug */,
				45CAF7FA1C7D2313000EBCA4 /* Release */,
			);
			defaultConfigurationIsVisible = 0;
			defaultConfigurationName = Release;
		};
/* End XCConfigurationList section */
	};
	rootObject = 45CAF7C21C7D2313000EBCA4 /* Project object */;
}
